// !$*UTF8*$!
{
	archiveVersion = 1;
	classes = {
	};
	objectVersion = 46;
	objects = {

/* Begin PBXBuildFile section */
		A144E5281BC5F2AC0054FB60 /* NSMutableDictionary+AMAnimationGroupAdditions.h in Headers */ = {isa = PBXBuildFile; fileRef = A11C788717883B940000B420 /* NSMutableDictionary+AMAnimationGroupAdditions.h */; settings = {ASSET_TAGS = (); }; };
		A144E5291BC5F2AC0054FB60 /* NSMutableDictionary+AMAnimationGroupAdditions.m in Sources */ = {isa = PBXBuildFile; fileRef = A11C788817883B940000B420 /* NSMutableDictionary+AMAnimationGroupAdditions.m */; settings = {ASSET_TAGS = (); }; };
		A144E52A1BC5F2AC0054FB60 /* NSArray+AMAnimationGroupAdditions.h in Headers */ = {isa = PBXBuildFile; fileRef = A11C788917883B940000B420 /* NSArray+AMAnimationGroupAdditions.h */; settings = {ASSET_TAGS = (); }; };
		A144E52B1BC5F2AC0054FB60 /* NSArray+AMAnimationGroupAdditions.m in Sources */ = {isa = PBXBuildFile; fileRef = A11C788A17883B940000B420 /* NSArray+AMAnimationGroupAdditions.m */; settings = {ASSET_TAGS = (); }; };
		A144E52C1BC5F2AC0054FB60 /* NSMutableArray+AMAnimationGroupAdditions.h in Headers */ = {isa = PBXBuildFile; fileRef = A11C788B17883B940000B420 /* NSMutableArray+AMAnimationGroupAdditions.h */; settings = {ASSET_TAGS = (); }; };
		A144E52D1BC5F2AC0054FB60 /* NSMutableArray+AMAnimationGroupAdditions.m in Sources */ = {isa = PBXBuildFile; fileRef = A11C788C17883B940000B420 /* NSMutableArray+AMAnimationGroupAdditions.m */; settings = {ASSET_TAGS = (); }; };
		A144E52E1BC5F2AC0054FB60 /* AMAnimationGroup.h in Headers */ = {isa = PBXBuildFile; fileRef = A11C788317883B7D0000B420 /* AMAnimationGroup.h */; settings = {ATTRIBUTES = (Public, ); }; };
		A144E52F1BC5F2AC0054FB60 /* AMAnimationGroup.m in Sources */ = {isa = PBXBuildFile; fileRef = A11C788417883B7D0000B420 /* AMAnimationGroup.m */; settings = {ASSET_TAGS = (); }; };
		A144E5301BC5F2AC0054FB60 /* AMCurvedAnimation.h in Headers */ = {isa = PBXBuildFile; fileRef = A11C789517883BD20000B420 /* AMCurvedAnimation.h */; settings = {ASSET_TAGS = (); }; };
		A144E5311BC5F2AC0054FB60 /* AMCurvedAnimation.m in Sources */ = {isa = PBXBuildFile; fileRef = A11C789617883BD20000B420 /* AMCurvedAnimation.m */; settings = {ASSET_TAGS = (); }; };
		A144E5411BC5F2AC0054FB60 /* AMLayerAnimation.h in Headers */ = {isa = PBXBuildFile; fileRef = A10A32A718E2DB5B000D4B49 /* AMLayerAnimation.h */; settings = {ATTRIBUTES = (Public, ); }; };
		A144E5431BC5F2AC0054FB60 /* AMLayerAnimation.m in Sources */ = {isa = PBXBuildFile; fileRef = A10A32A818E2DB5B000D4B49 /* AMLayerAnimation.m */; settings = {ASSET_TAGS = (); }; };
		A144E5441BC5F2AC0054FB60 /* AMDirectAnimation.h in Headers */ = {isa = PBXBuildFile; fileRef = A1E6EA931912D98600E4F179 /* AMDirectAnimation.h */; settings = {ATTRIBUTES = (Public, ); }; };
		A144E5451BC5F2AC0054FB60 /* AMDirectAnimation.m in Sources */ = {isa = PBXBuildFile; fileRef = A1E6EA941912D98600E4F179 /* AMDirectAnimation.m */; settings = {ASSET_TAGS = (); }; };
		A144E5461BC5F2AC0054FB60 /* AMAnimation.h in Headers */ = {isa = PBXBuildFile; fileRef = A11C7867178839FA0000B420 /* AMAnimation.h */; settings = {ATTRIBUTES = (Public, ); }; };
		A144E54E1BC5F3C00054FB60 /* NSValue+AnimeteorAdditions.h in Headers */ = {isa = PBXBuildFile; fileRef = A11C789A17883BE70000B420 /* NSValue+AnimeteorAdditions.h */; settings = {ATTRIBUTES = (Public, ); }; };
		A144E54F1BC5F3C00054FB60 /* NSValue+AnimeteorAdditions.m in Sources */ = {isa = PBXBuildFile; fileRef = A11C789B17883BE70000B420 /* NSValue+AnimeteorAdditions.m */; settings = {ASSET_TAGS = (); }; };
		A144E5501BC5F3C00054FB60 /* NSNumber+AnimeteorAdditions.h in Headers */ = {isa = PBXBuildFile; fileRef = A11C789C17883BE70000B420 /* NSNumber+AnimeteorAdditions.h */; settings = {ATTRIBUTES = (Public, ); }; };
		A144E5511BC5F3C00054FB60 /* NSNumber+AnimeteorAdditions.m in Sources */ = {isa = PBXBuildFile; fileRef = A11C789D17883BE70000B420 /* NSNumber+AnimeteorAdditions.m */; settings = {ASSET_TAGS = (); }; };
		A144E5521BC5F3C00054FB60 /* AMInterpolatable.h in Headers */ = {isa = PBXBuildFile; fileRef = A11C789917883BE70000B420 /* AMInterpolatable.h */; settings = {ATTRIBUTES = (Public, ); }; };
		A144E5531BC5F3C00054FB60 /* AMCurve.h in Headers */ = {isa = PBXBuildFile; fileRef = A10D78D819A279530013E5F5 /* AMCurve.h */; settings = {ATTRIBUTES = (Public, ); }; };
		A144E5541BC5F3C00054FB60 /* AMCurve.m in Sources */ = {isa = PBXBuildFile; fileRef = A10D78D919A279530013E5F5 /* AMCurve.m */; settings = {ASSET_TAGS = (); }; };
		A144E5571BC9B7670054FB60 /* Animeteor.h in Headers */ = {isa = PBXBuildFile; fileRef = A10BC9A217883E9800F354FC /* Animeteor.h */; settings = {ATTRIBUTES = (Public, ); }; };
/* End PBXBuildFile section */

/* Begin PBXFileReference section */
		A10A32A718E2DB5B000D4B49 /* AMLayerAnimation.h */ = {isa = PBXFileReference; fileEncoding = 4; lastKnownFileType = sourcecode.c.h; lineEnding = 0; path = AMLayerAnimation.h; sourceTree = "<group>"; xcLanguageSpecificationIdentifier = xcode.lang.objcpp; };
		A10A32A818E2DB5B000D4B49 /* AMLayerAnimation.m */ = {isa = PBXFileReference; fileEncoding = 4; lastKnownFileType = sourcecode.c.objc; lineEnding = 0; path = AMLayerAnimation.m; sourceTree = "<group>"; xcLanguageSpecificationIdentifier = xcode.lang.objc; };
		A10BC9A217883E9800F354FC /* Animeteor.h */ = {isa = PBXFileReference; lastKnownFileType = sourcecode.c.h; path = Animeteor.h; sourceTree = "<group>"; };
		A10D78D819A279530013E5F5 /* AMCurve.h */ = {isa = PBXFileReference; fileEncoding = 4; lastKnownFileType = sourcecode.c.h; lineEnding = 0; path = AMCurve.h; sourceTree = "<group>"; xcLanguageSpecificationIdentifier = xcode.lang.objcpp; };
		A10D78D919A279530013E5F5 /* AMCurve.m */ = {isa = PBXFileReference; fileEncoding = 4; lastKnownFileType = sourcecode.c.objc; path = AMCurve.m; sourceTree = "<group>"; };
		A1145CE4194EF9F3001B0108 /* Info.plist */ = {isa = PBXFileReference; lastKnownFileType = text.plist.xml; path = Info.plist; sourceTree = "<group>"; };
		A11C7856178839720000B420 /* Foundation.framework */ = {isa = PBXFileReference; lastKnownFileType = wrapper.framework; name = Foundation.framework; path = System/Library/Frameworks/Foundation.framework; sourceTree = SDKROOT; };
		A11C7867178839FA0000B420 /* AMAnimation.h */ = {isa = PBXFileReference; lastKnownFileType = sourcecode.c.h; lineEnding = 0; path = AMAnimation.h; sourceTree = "<group>"; xcLanguageSpecificationIdentifier = xcode.lang.objcpp; };
		A11C788317883B7D0000B420 /* AMAnimationGroup.h */ = {isa = PBXFileReference; lastKnownFileType = sourcecode.c.h; lineEnding = 0; path = AMAnimationGroup.h; sourceTree = "<group>"; xcLanguageSpecificationIdentifier = xcode.lang.objcpp; };
		A11C788417883B7D0000B420 /* AMAnimationGroup.m */ = {isa = PBXFileReference; lastKnownFileType = sourcecode.c.objc; lineEnding = 0; path = AMAnimationGroup.m; sourceTree = "<group>"; xcLanguageSpecificationIdentifier = xcode.lang.objc; };
		A11C788717883B940000B420 /* NSMutableDictionary+AMAnimationGroupAdditions.h */ = {isa = PBXFileReference; fileEncoding = 4; lastKnownFileType = sourcecode.c.h; lineEnding = 0; path = "NSMutableDictionary+AMAnimationGroupAdditions.h"; sourceTree = "<group>"; xcLanguageSpecificationIdentifier = xcode.lang.objcpp; };
		A11C788817883B940000B420 /* NSMutableDictionary+AMAnimationGroupAdditions.m */ = {isa = PBXFileReference; fileEncoding = 4; lastKnownFileType = sourcecode.c.objc; lineEnding = 0; path = "NSMutableDictionary+AMAnimationGroupAdditions.m"; sourceTree = "<group>"; xcLanguageSpecificationIdentifier = xcode.lang.objc; };
		A11C788917883B940000B420 /* NSArray+AMAnimationGroupAdditions.h */ = {isa = PBXFileReference; fileEncoding = 4; lastKnownFileType = sourcecode.c.h; lineEnding = 0; path = "NSArray+AMAnimationGroupAdditions.h"; sourceTree = "<group>"; xcLanguageSpecificationIdentifier = xcode.lang.objcpp; };
		A11C788A17883B940000B420 /* NSArray+AMAnimationGroupAdditions.m */ = {isa = PBXFileReference; fileEncoding = 4; lastKnownFileType = sourcecode.c.objc; lineEnding = 0; path = "NSArray+AMAnimationGroupAdditions.m"; sourceTree = "<group>"; xcLanguageSpecificationIdentifier = xcode.lang.objc; };
		A11C788B17883B940000B420 /* NSMutableArray+AMAnimationGroupAdditions.h */ = {isa = PBXFileReference; fileEncoding = 4; lastKnownFileType = sourcecode.c.h; lineEnding = 0; path = "NSMutableArray+AMAnimationGroupAdditions.h"; sourceTree = "<group>"; xcLanguageSpecificationIdentifier = xcode.lang.objcpp; };
		A11C788C17883B940000B420 /* NSMutableArray+AMAnimationGroupAdditions.m */ = {isa = PBXFileReference; fileEncoding = 4; lastKnownFileType = sourcecode.c.objc; lineEnding = 0; path = "NSMutableArray+AMAnimationGroupAdditions.m"; sourceTree = "<group>"; xcLanguageSpecificationIdentifier = xcode.lang.objc; };
		A11C789517883BD20000B420 /* AMCurvedAnimation.h */ = {isa = PBXFileReference; fileEncoding = 4; lastKnownFileType = sourcecode.c.h; lineEnding = 0; path = AMCurvedAnimation.h; sourceTree = "<group>"; xcLanguageSpecificationIdentifier = xcode.lang.objcpp; };
		A11C789617883BD20000B420 /* AMCurvedAnimation.m */ = {isa = PBXFileReference; fileEncoding = 4; lastKnownFileType = sourcecode.c.objc; lineEnding = 0; path = AMCurvedAnimation.m; sourceTree = "<group>"; xcLanguageSpecificationIdentifier = xcode.lang.objc; };
		A11C789917883BE70000B420 /* AMInterpolatable.h */ = {isa = PBXFileReference; fileEncoding = 4; lastKnownFileType = sourcecode.c.h; lineEnding = 0; path = AMInterpolatable.h; sourceTree = "<group>"; xcLanguageSpecificationIdentifier = xcode.lang.objcpp; };
		A11C789A17883BE70000B420 /* NSValue+AnimeteorAdditions.h */ = {isa = PBXFileReference; fileEncoding = 4; lastKnownFileType = sourcecode.c.h; lineEnding = 0; path = "NSValue+AnimeteorAdditions.h"; sourceTree = "<group>"; xcLanguageSpecificationIdentifier = xcode.lang.objcpp; };
		A11C789B17883BE70000B420 /* NSValue+AnimeteorAdditions.m */ = {isa = PBXFileReference; fileEncoding = 4; lastKnownFileType = sourcecode.c.objc; lineEnding = 0; path = "NSValue+AnimeteorAdditions.m"; sourceTree = "<group>"; xcLanguageSpecificationIdentifier = xcode.lang.objc; };
		A11C789C17883BE70000B420 /* NSNumber+AnimeteorAdditions.h */ = {isa = PBXFileReference; fileEncoding = 4; lastKnownFileType = sourcecode.c.h; lineEnding = 0; path = "NSNumber+AnimeteorAdditions.h"; sourceTree = "<group>"; xcLanguageSpecificationIdentifier = xcode.lang.objcpp; };
		A11C789D17883BE70000B420 /* NSNumber+AnimeteorAdditions.m */ = {isa = PBXFileReference; fileEncoding = 4; lastKnownFileType = sourcecode.c.objc; lineEnding = 0; path = "NSNumber+AnimeteorAdditions.m"; sourceTree = "<group>"; xcLanguageSpecificationIdentifier = xcode.lang.objc; };
		A11C78A017883C070000B420 /* QuartzCore.framework */ = {isa = PBXFileReference; lastKnownFileType = wrapper.framework; name = QuartzCore.framework; path = System/Library/Frameworks/QuartzCore.framework; sourceTree = SDKROOT; };
		A11C78A217883C120000B420 /* UIKit.framework */ = {isa = PBXFileReference; lastKnownFileType = wrapper.framework; name = UIKit.framework; path = System/Library/Frameworks/UIKit.framework; sourceTree = SDKROOT; };
		A144E51F1BC5F2660054FB60 /* Animeteor.framework */ = {isa = PBXFileReference; explicitFileType = wrapper.framework; includeInIndex = 0; path = Animeteor.framework; sourceTree = BUILT_PRODUCTS_DIR; };
		A144E5591BC9B8400054FB60 /* AMMacros.h */ = {isa = PBXFileReference; lastKnownFileType = sourcecode.c.h; path = AMMacros.h; sourceTree = "<group>"; };
		A1E6EA931912D98600E4F179 /* AMDirectAnimation.h */ = {isa = PBXFileReference; fileEncoding = 4; lastKnownFileType = sourcecode.c.h; lineEnding = 0; path = AMDirectAnimation.h; sourceTree = "<group>"; xcLanguageSpecificationIdentifier = xcode.lang.objcpp; };
		A1E6EA941912D98600E4F179 /* AMDirectAnimation.m */ = {isa = PBXFileReference; fileEncoding = 4; lastKnownFileType = sourcecode.c.objc; lineEnding = 0; path = AMDirectAnimation.m; sourceTree = "<group>"; xcLanguageSpecificationIdentifier = xcode.lang.objc; };
/* End PBXFileReference section */

/* Begin PBXFrameworksBuildPhase section */
		A144E51B1BC5F2660054FB60 /* Frameworks */ = {
			isa = PBXFrameworksBuildPhase;
			buildActionMask = 2147483647;
			files = (
			);
			runOnlyForDeploymentPostprocessing = 0;
		};
/* End PBXFrameworksBuildPhase section */

/* Begin PBXGroup section */
		A10A32A618E2DB24000D4B49 /* Core Animation */ = {
			isa = PBXGroup;
			children = (
				A1D5FCD719ACE5EA00C9EB4B /* Additions */,
				A10A32A718E2DB5B000D4B49 /* AMLayerAnimation.h */,
				A10A32A818E2DB5B000D4B49 /* AMLayerAnimation.m */,
			);
			name = "Core Animation";
			sourceTree = "<group>";
		};
		A11C784A178839720000B420 = {
			isa = PBXGroup;
			children = (
				A11C7858178839720000B420 /* Animeteor */,
				A11C7859178839720000B420 /* Supporting Files */,
				A11C7855178839720000B420 /* Frameworks */,
				A11C7854178839720000B420 /* Products */,
			);
			sourceTree = "<group>";
		};
		A11C7854178839720000B420 /* Products */ = {
			isa = PBXGroup;
			children = (
				A144E51F1BC5F2660054FB60 /* Animeteor.framework */,
			);
			name = Products;
			sourceTree = "<group>";
		};
		A11C7855178839720000B420 /* Frameworks */ = {
			isa = PBXGroup;
			children = (
				A11C7856178839720000B420 /* Foundation.framework */,
				A11C78A217883C120000B420 /* UIKit.framework */,
				A11C78A017883C070000B420 /* QuartzCore.framework */,
			);
			name = Frameworks;
			sourceTree = "<group>";
		};
		A11C7858178839720000B420 /* Animeteor */ = {
			isa = PBXGroup;
			children = (
				A144E5581BC9B8340054FB60 /* Macros */,
				A1D5FCD619ACE5C700C9EB4B /* Interpolation */,
				A1525C9919A4DD9F00024B4A /* Curvature */,
				A11C7865178839AC0000B420 /* Animations */,
				A10BC9A217883E9800F354FC /* Animeteor.h */,
			);
			path = Animeteor;
			sourceTree = "<group>";
		};
		A11C7859178839720000B420 /* Supporting Files */ = {
			isa = PBXGroup;
			children = (
				A1145CE4194EF9F3001B0108 /* Info.plist */,
			);
			name = "Supporting Files";
			path = Animeteor;
			sourceTree = "<group>";
		};
		A11C7865178839AC0000B420 /* Animations */ = {
			isa = PBXGroup;
			children = (
				A11C788217883B6E0000B420 /* Animation Group */,
				A10A32A618E2DB24000D4B49 /* Core Animation */,
				A1E6EA921912D96B00E4F179 /* Direct */,
				A11C7867178839FA0000B420 /* AMAnimation.h */,
			);
			name = Animations;
			sourceTree = "<group>";
		};
		A11C788217883B6E0000B420 /* Animation Group */ = {
			isa = PBXGroup;
			children = (
				A11C788617883B870000B420 /* Additions */,
				A11C788317883B7D0000B420 /* AMAnimationGroup.h */,
				A11C788417883B7D0000B420 /* AMAnimationGroup.m */,
			);
			name = "Animation Group";
			sourceTree = "<group>";
		};
		A11C788617883B870000B420 /* Additions */ = {
			isa = PBXGroup;
			children = (
				A1D5FCD919ACE62100C9EB4B /* Categories */,
			);
			name = Additions;
			sourceTree = "<group>";
		};
		A11C789417883BBE0000B420 /* Custom Classes */ = {
			isa = PBXGroup;
			children = (
				A1D5FCDC19ACEA5800C9EB4B /* QuartzCore */,
			);
			name = "Custom Classes";
			sourceTree = "<group>";
		};
		A11C789817883BD50000B420 /* Additions */ = {
			isa = PBXGroup;
			children = (
				A1D5FCD819ACE60D00C9EB4B /* Categories */,
			);
			name = Additions;
			sourceTree = "<group>";
		};
		A144E5581BC9B8340054FB60 /* Macros */ = {
			isa = PBXGroup;
			children = (
				A144E5591BC9B8400054FB60 /* AMMacros.h */,
			);
			name = Macros;
			sourceTree = "<group>";
		};
		A1525C9919A4DD9F00024B4A /* Curvature */ = {
			isa = PBXGroup;
			children = (
				A10D78D819A279530013E5F5 /* AMCurve.h */,
				A10D78D919A279530013E5F5 /* AMCurve.m */,
			);
			name = Curvature;
			sourceTree = "<group>";
		};
		A1D5FCD619ACE5C700C9EB4B /* Interpolation */ = {
			isa = PBXGroup;
			children = (
				A11C789817883BD50000B420 /* Additions */,
				A11C789917883BE70000B420 /* AMInterpolatable.h */,
			);
			name = Interpolation;
			sourceTree = "<group>";
		};
		A1D5FCD719ACE5EA00C9EB4B /* Additions */ = {
			isa = PBXGroup;
			children = (
				A11C789417883BBE0000B420 /* Custom Classes */,
			);
			name = Additions;
			sourceTree = "<group>";
		};
		A1D5FCD819ACE60D00C9EB4B /* Categories */ = {
			isa = PBXGroup;
			children = (
				A1D5FCE019ACEAA900C9EB4B /* Foundation */,
			);
			name = Categories;
			sourceTree = "<group>";
		};
		A1D5FCD919ACE62100C9EB4B /* Categories */ = {
			isa = PBXGroup;
			children = (
				A1D5FCDF19ACEA9B00C9EB4B /* Foundation */,
			);
			name = Categories;
			sourceTree = "<group>";
		};
		A1D5FCDC19ACEA5800C9EB4B /* QuartzCore */ = {
			isa = PBXGroup;
			children = (
				A11C789517883BD20000B420 /* AMCurvedAnimation.h */,
				A11C789617883BD20000B420 /* AMCurvedAnimation.m */,
			);
			name = QuartzCore;
			sourceTree = "<group>";
		};
		A1D5FCDF19ACEA9B00C9EB4B /* Foundation */ = {
			isa = PBXGroup;
			children = (
				A11C788717883B940000B420 /* NSMutableDictionary+AMAnimationGroupAdditions.h */,
				A11C788817883B940000B420 /* NSMutableDictionary+AMAnimationGroupAdditions.m */,
				A11C788917883B940000B420 /* NSArray+AMAnimationGroupAdditions.h */,
				A11C788A17883B940000B420 /* NSArray+AMAnimationGroupAdditions.m */,
				A11C788B17883B940000B420 /* NSMutableArray+AMAnimationGroupAdditions.h */,
				A11C788C17883B940000B420 /* NSMutableArray+AMAnimationGroupAdditions.m */,
			);
			name = Foundation;
			sourceTree = "<group>";
		};
		A1D5FCE019ACEAA900C9EB4B /* Foundation */ = {
			isa = PBXGroup;
			children = (
				A11C789A17883BE70000B420 /* NSValue+AnimeteorAdditions.h */,
				A11C789B17883BE70000B420 /* NSValue+AnimeteorAdditions.m */,
				A11C789C17883BE70000B420 /* NSNumber+AnimeteorAdditions.h */,
				A11C789D17883BE70000B420 /* NSNumber+AnimeteorAdditions.m */,
			);
			name = Foundation;
			sourceTree = "<group>";
		};
		A1E6EA921912D96B00E4F179 /* Direct */ = {
			isa = PBXGroup;
			children = (
				A1E6EA931912D98600E4F179 /* AMDirectAnimation.h */,
				A1E6EA941912D98600E4F179 /* AMDirectAnimation.m */,
			);
			name = Direct;
			sourceTree = "<group>";
		};
/* End PBXGroup section */

/* Begin PBXHeadersBuildPhase section */
		A144E51C1BC5F2660054FB60 /* Headers */ = {
			isa = PBXHeadersBuildPhase;
			buildActionMask = 2147483647;
			files = (
				A144E54E1BC5F3C00054FB60 /* NSValue+AnimeteorAdditions.h in Headers */,
				A144E5301BC5F2AC0054FB60 /* AMCurvedAnimation.h in Headers */,
				A144E5501BC5F3C00054FB60 /* NSNumber+AnimeteorAdditions.h in Headers */,
				A144E52A1BC5F2AC0054FB60 /* NSArray+AMAnimationGroupAdditions.h in Headers */,
				A144E5411BC5F2AC0054FB60 /* AMLayerAnimation.h in Headers */,
				A144E5571BC9B7670054FB60 /* Animeteor.h in Headers */,
				A144E52E1BC5F2AC0054FB60 /* AMAnimationGroup.h in Headers */,
				A144E5281BC5F2AC0054FB60 /* NSMutableDictionary+AMAnimationGroupAdditions.h in Headers */,
				A144E5521BC5F3C00054FB60 /* AMInterpolatable.h in Headers */,
				A144E5531BC5F3C00054FB60 /* AMCurve.h in Headers */,
				A144E5461BC5F2AC0054FB60 /* AMAnimation.h in Headers */,
				A144E52C1BC5F2AC0054FB60 /* NSMutableArray+AMAnimationGroupAdditions.h in Headers */,
				A144E5441BC5F2AC0054FB60 /* AMDirectAnimation.h in Headers */,
			);
			runOnlyForDeploymentPostprocessing = 0;
		};
/* End PBXHeadersBuildPhase section */

/* Begin PBXNativeTarget section */
		A144E51E1BC5F2660054FB60 /* Animeteor */ = {
			isa = PBXNativeTarget;
			buildConfigurationList = A144E5241BC5F2660054FB60 /* Build configuration list for PBXNativeTarget "Animeteor" */;
			buildPhases = (
				A144E51A1BC5F2660054FB60 /* Sources */,
				A144E51B1BC5F2660054FB60 /* Frameworks */,
				A144E51C1BC5F2660054FB60 /* Headers */,
				A144E51D1BC5F2660054FB60 /* Resources */,
			);
			buildRules = (
			);
			dependencies = (
			);
			name = Animeteor;
			productName = Animeteor;
			productReference = A144E51F1BC5F2660054FB60 /* Animeteor.framework */;
			productType = "com.apple.product-type.framework";
		};
/* End PBXNativeTarget section */

/* Begin PBXProject section */
		A11C784B178839720000B420 /* Project object */ = {
			isa = PBXProject;
			attributes = {
				LastUpgradeCheck = 0640;
				ORGANIZATIONNAME = "Kristian Trenskow";
				TargetAttributes = {
					A144E51E1BC5F2660054FB60 = {
						CreatedOnToolsVersion = 7.0.1;
					};
				};
			};
			buildConfigurationList = A11C784E178839720000B420 /* Build configuration list for PBXProject "Animeteor" */;
			compatibilityVersion = "Xcode 3.2";
			developmentRegion = English;
			hasScannedForEncodings = 0;
			knownRegions = (
				en,
				Base,
			);
			mainGroup = A11C784A178839720000B420;
			productRefGroup = A11C7854178839720000B420 /* Products */;
			projectDirPath = "";
			projectRoot = "";
			targets = (
				A144E51E1BC5F2660054FB60 /* Animeteor */,
			);
		};
/* End PBXProject section */

/* Begin PBXResourcesBuildPhase section */
		A144E51D1BC5F2660054FB60 /* Resources */ = {
			isa = PBXResourcesBuildPhase;
			buildActionMask = 2147483647;
			files = (
			);
			runOnlyForDeploymentPostprocessing = 0;
		};
/* End PBXResourcesBuildPhase section */

/* Begin PBXSourcesBuildPhase section */
		A144E51A1BC5F2660054FB60 /* Sources */ = {
			isa = PBXSourcesBuildPhase;
			buildActionMask = 2147483647;
			files = (
				A144E5511BC5F3C00054FB60 /* NSNumber+AnimeteorAdditions.m in Sources */,
				A144E5431BC5F2AC0054FB60 /* AMLayerAnimation.m in Sources */,
				A144E52F1BC5F2AC0054FB60 /* AMAnimationGroup.m in Sources */,
				A144E5291BC5F2AC0054FB60 /* NSMutableDictionary+AMAnimationGroupAdditions.m in Sources */,
				A144E5451BC5F2AC0054FB60 /* AMDirectAnimation.m in Sources */,
				A144E52B1BC5F2AC0054FB60 /* NSArray+AMAnimationGroupAdditions.m in Sources */,
				A144E54F1BC5F3C00054FB60 /* NSValue+AnimeteorAdditions.m in Sources */,
				A144E5541BC5F3C00054FB60 /* AMCurve.m in Sources */,
				A144E52D1BC5F2AC0054FB60 /* NSMutableArray+AMAnimationGroupAdditions.m in Sources */,
				A144E5311BC5F2AC0054FB60 /* AMCurvedAnimation.m in Sources */,
			);
			runOnlyForDeploymentPostprocessing = 0;
		};
/* End PBXSourcesBuildPhase section */

/* Begin XCBuildConfiguration section */
		A11C785F178839720000B420 /* Debug */ = {
			isa = XCBuildConfiguration;
			buildSettings = {
				ALWAYS_SEARCH_USER_PATHS = NO;
				CLANG_CXX_LANGUAGE_STANDARD = "gnu++0x";
				CLANG_CXX_LIBRARY = "libc++";
				CLANG_ENABLE_OBJC_ARC = YES;
				CLANG_WARN_CONSTANT_CONVERSION = YES;
				CLANG_WARN_DOCUMENTATION_COMMENTS = YES;
				CLANG_WARN_EMPTY_BODY = YES;
				CLANG_WARN_ENUM_CONVERSION = YES;
				CLANG_WARN_INT_CONVERSION = YES;
				CLANG_WARN__DUPLICATE_METHOD_MATCH = YES;
				COPY_PHASE_STRIP = NO;
				GCC_C_LANGUAGE_STANDARD = gnu99;
				GCC_DYNAMIC_NO_PIC = NO;
				GCC_OPTIMIZATION_LEVEL = 0;
				GCC_PREPROCESSOR_DEFINITIONS = (
					"DEBUG=1",
					"$(inherited)",
				);
				GCC_SYMBOLS_PRIVATE_EXTERN = NO;
				GCC_WARN_ABOUT_RETURN_TYPE = YES;
				GCC_WARN_UNINITIALIZED_AUTOS = YES;
				GCC_WARN_UNUSED_VARIABLE = YES;
				IPHONEOS_DEPLOYMENT_TARGET = 6.1;
				ONLY_ACTIVE_ARCH = YES;
				SDKROOT = iphoneos;
				SUPPORTED_PLATFORMS = "iphonesimulator iphoneos";
			};
			name = Debug;
		};
		A11C7860178839720000B420 /* Release */ = {
			isa = XCBuildConfiguration;
			buildSettings = {
				ALWAYS_SEARCH_USER_PATHS = NO;
				CLANG_CXX_LANGUAGE_STANDARD = "gnu++0x";
				CLANG_CXX_LIBRARY = "libc++";
				CLANG_ENABLE_OBJC_ARC = YES;
				CLANG_WARN_CONSTANT_CONVERSION = YES;
				CLANG_WARN_DOCUMENTATION_COMMENTS = YES;
				CLANG_WARN_EMPTY_BODY = YES;
				CLANG_WARN_ENUM_CONVERSION = YES;
				CLANG_WARN_INT_CONVERSION = YES;
				CLANG_WARN__DUPLICATE_METHOD_MATCH = YES;
				COPY_PHASE_STRIP = YES;
				GCC_C_LANGUAGE_STANDARD = gnu99;
				GCC_WARN_ABOUT_RETURN_TYPE = YES;
				GCC_WARN_UNINITIALIZED_AUTOS = YES;
				GCC_WARN_UNUSED_VARIABLE = YES;
				IPHONEOS_DEPLOYMENT_TARGET = 6.1;
				SDKROOT = iphoneos;
				SUPPORTED_PLATFORMS = "iphonesimulator iphoneos";
				VALIDATE_PRODUCT = YES;
			};
			name = Release;
		};
		A144E5251BC5F2660054FB60 /* Debug */ = {
			isa = XCBuildConfiguration;
			buildSettings = {
				CLANG_ENABLE_MODULES = YES;
				CLANG_WARN_BOOL_CONVERSION = YES;
				CLANG_WARN_DIRECT_OBJC_ISA_USAGE = YES_ERROR;
				CLANG_WARN_OBJC_ROOT_CLASS = YES_ERROR;
				CLANG_WARN_UNREACHABLE_CODE = YES;
				"CODE_SIGN_IDENTITY[sdk=iphoneos*]" = "iPhone Developer";
				CURRENT_PROJECT_VERSION = 1;
				DEBUG_INFORMATION_FORMAT = dwarf;
				DEFINES_MODULE = YES;
				DYLIB_COMPATIBILITY_VERSION = 1;
				DYLIB_CURRENT_VERSION = 1;
				DYLIB_INSTALL_NAME_BASE = "@rpath";
				ENABLE_STRICT_OBJC_MSGSEND = YES;
				ENABLE_TESTABILITY = YES;
				GCC_NO_COMMON_BLOCKS = YES;
				GCC_WARN_64_TO_32_BIT_CONVERSION = YES;
				GCC_WARN_ABOUT_RETURN_TYPE = YES_ERROR;
				GCC_WARN_UNDECLARED_SELECTOR = YES;
				GCC_WARN_UNINITIALIZED_AUTOS = YES_AGGRESSIVE;
				GCC_WARN_UNUSED_FUNCTION = YES;
				INFOPLIST_FILE = Animeteor/Info.plist;
				INSTALL_PATH = "$(LOCAL_LIBRARY_DIR)/Frameworks";
				IPHONEOS_DEPLOYMENT_TARGET = 9.0;
				LD_RUNPATH_SEARCH_PATHS = "$(inherited) @executable_path/Frameworks @loader_path/Frameworks";
				MTL_ENABLE_DEBUG_INFO = YES;
				PRODUCT_BUNDLE_IDENTIFIER = com.animeteor.Animeteor;
				PRODUCT_NAME = "$(TARGET_NAME)";
				SKIP_INSTALL = YES;
				TARGETED_DEVICE_FAMILY = "1,2";
				VERSIONING_SYSTEM = "apple-generic";
				VERSION_INFO_PREFIX = "";
			};
			name = Debug;
		};
		A144E5261BC5F2660054FB60 /* Release */ = {
			isa = XCBuildConfiguration;
			buildSettings = {
				CLANG_ENABLE_MODULES = YES;
				CLANG_WARN_BOOL_CONVERSION = YES;
				CLANG_WARN_DIRECT_OBJC_ISA_USAGE = YES_ERROR;
				CLANG_WARN_OBJC_ROOT_CLASS = YES_ERROR;
				CLANG_WARN_UNREACHABLE_CODE = YES;
				"CODE_SIGN_IDENTITY[sdk=iphoneos*]" = "iPhone Developer";
				COPY_PHASE_STRIP = NO;
				CURRENT_PROJECT_VERSION = 1;
				DEBUG_INFORMATION_FORMAT = "dwarf-with-dsym";
				DEFINES_MODULE = YES;
				DYLIB_COMPATIBILITY_VERSION = 1;
				DYLIB_CURRENT_VERSION = 1;
				DYLIB_INSTALL_NAME_BASE = "@rpath";
				ENABLE_NS_ASSERTIONS = NO;
				ENABLE_STRICT_OBJC_MSGSEND = YES;
				GCC_NO_COMMON_BLOCKS = YES;
				GCC_WARN_64_TO_32_BIT_CONVERSION = YES;
				GCC_WARN_ABOUT_RETURN_TYPE = YES_ERROR;
				GCC_WARN_UNDECLARED_SELECTOR = YES;
				GCC_WARN_UNINITIALIZED_AUTOS = YES_AGGRESSIVE;
				GCC_WARN_UNUSED_FUNCTION = YES;
				INFOPLIST_FILE = Animeteor/Info.plist;
				INSTALL_PATH = "$(LOCAL_LIBRARY_DIR)/Frameworks";
				IPHONEOS_DEPLOYMENT_TARGET = 9.0;
				LD_RUNPATH_SEARCH_PATHS = "$(inherited) @executable_path/Frameworks @loader_path/Frameworks";
				MTL_ENABLE_DEBUG_INFO = NO;
				PRODUCT_BUNDLE_IDENTIFIER = com.animeteor.Animeteor;
				PRODUCT_NAME = "$(TARGET_NAME)";
				SKIP_INSTALL = YES;
				TARGETED_DEVICE_FAMILY = "1,2";
				VERSIONING_SYSTEM = "apple-generic";
				VERSION_INFO_PREFIX = "";
			};
			name = Release;
		};
/* End XCBuildConfiguration section */

/* Begin XCConfigurationList section */
		A11C784E178839720000B420 /* Build configuration list for PBXProject "Animeteor" */ = {
			isa = XCConfigurationList;
			buildConfigurations = (
				A11C785F178839720000B420 /* Debug */,
				A11C7860178839720000B420 /* Release */,
			);
			defaultConfigurationIsVisible = 0;
			defaultConfigurationName = Release;
		};
		A144E5241BC5F2660054FB60 /* Build configuration list for PBXNativeTarget "Animeteor" */ = {
			isa = XCConfigurationList;
			buildConfigurations = (
				A144E5251BC5F2660054FB60 /* Debug */,
				A144E5261BC5F2660054FB60 /* Release */,
			);
			defaultConfigurationIsVisible = 0;
			defaultConfigurationName = Release;
		};
/* End XCConfigurationList section */
	};
	rootObject = A11C784B178839720000B420 /* Project object */;
}
